{
  "name": "onix-io",
  "version": "1.3.15",
  "lockfileVersion": 1,
  "requires": true,
  "dependencies": {
    "@types/lodash": {
      "version": "4.14.110",
      "resolved": "https://registry.npmjs.org/@types/lodash/-/lodash-4.14.110.tgz",
      "integrity": "sha512-iXYLa6olt4tnsCA+ZXeP6eEW3tk1SulWeYyP/yooWfAtXjozqXgtX4+XUtMuOCfYjKGz3F34++qUc3Q+TJuIIw==",
      "dev": true
    },
    "@types/node": {
      "version": "7.0.66",
      "resolved": "https://registry.npmjs.org/@types/node/-/node-7.0.66.tgz",
      "integrity": "sha512-W11u5kUNSX2+N6bJ7rPyLW4N98/xzrZg8apRoTwC0zbFjIie//oxgKAvqkQNQ97KVchB49ost74kgzoeDiE+Uw==",
      "dev": true
    },
    "js-tokens": {
      "version": "3.0.2",
      "resolved": "https://registry.npmjs.org/js-tokens/-/js-tokens-3.0.2.tgz",
      "integrity": "sha1-mGbfOVECEw449/mWvOtlRDIJwls="
    },
    "lodash": {
      "version": "4.17.10",
      "resolved": "https://registry.npmjs.org/lodash/-/lodash-4.17.10.tgz",
      "integrity": "sha512-UejweD1pDoXu+AD825lWwp4ZGtSwgnpZxb3JDViD7StjQz+Nb/6l093lx4OQ0foGWNRoc19mWy7BzL+UAK2iVg=="
    },
    "lodash-es": {
      "version": "4.17.10",
      "resolved": "https://registry.npmjs.org/lodash-es/-/lodash-es-4.17.10.tgz",
      "integrity": "sha512-iesFYPmxYYGTcmQK0sL8bX3TGHyM6b2qREaB4kamHfQyfPJP0xgoGxp19nsH16nsfquLdiyKyX3mQkfiSGV8Rg=="
    },
    "loose-envify": {
      "version": "1.3.1",
      "resolved": "https://registry.npmjs.org/loose-envify/-/loose-envify-1.3.1.tgz",
      "integrity": "sha1-0aitM/qc4OcT1l/dCsi3SNR4yEg=",
      "requires": {
        "js-tokens": "^3.0.0"
      }
    },
    "onix-app": {
      "version": "1.3.16",
      "resolved": "https://registry.npmjs.org/onix-app/-/onix-app-1.3.16.tgz",
      "integrity": "sha512-pvPfFJniwGUOMIE8CXBLFNBx0peCZaYJxV0aehdEmLszhACyt3Y9IqJRhxxaAo7fYKJY3kDRLJjsNSYtOhA46w==",
      "requires": {
        "onix-core": "^1.3.35",
        "redux": "^3.7.2",
        "rxjs": "^5.5.11",
        "warning": "^3.0.0"
      }
    },
    "onix-core": {
      "version": "1.5.37",
      "resolved": "https://registry.npmjs.org/onix-core/-/onix-core-1.5.37.tgz",
      "integrity": "sha512-fJjvNmY+oFMR2VbKpDED1ZYhJxJ9NgG1sSNuu6/yyU438A47OGmuWhL820wAygA5Z/XH+3ZWi8ssq+8Qh5PDhw==",
      "requires": {
        "lodash": "^4.17.5",
        "warning": "^3.0.0"
      }
    },
    "redux": {
      "version": "3.7.2",
      "resolved": "https://registry.npmjs.org/redux/-/redux-3.7.2.tgz",
      "integrity": "sha512-pNqnf9q1hI5HHZRBkj3bAngGZW/JMCmexDlOxw4XagXY2o1327nHH54LoTjiPJ0gizoqPDRqWyX/00g0hD6w+A==",
      "requires": {
        "lodash": "^4.2.1",
        "lodash-es": "^4.2.1",
        "loose-envify": "^1.1.0",
        "symbol-observable": "^1.0.3"
      }
    },
    "rxjs": {
      "version": "5.5.11",
      "resolved": "https://registry.npmjs.org/rxjs/-/rxjs-5.5.11.tgz",
      "integrity": "sha512-3bjO7UwWfA2CV7lmwYMBzj4fQ6Cq+ftHc2MvUe+WMS7wcdJ1LosDWmdjPQanYp2dBRj572p7PeU81JUxHKOcBA==",
      "requires": {
        "symbol-observable": "1.0.1"
      },
      "dependencies": {
        "symbol-observable": {
          "version": "1.0.1",
          "resolved": "https://registry.npmjs.org/symbol-observable/-/symbol-observable-1.0.1.tgz",
          "integrity": "sha1-g0D8RwLDEi310iKI+IKD9RPT/dQ="
        }
      }
    },
    "symbol-observable": {
      "version": "1.2.0",
      "resolved": "https://registry.npmjs.org/symbol-observable/-/symbol-observable-1.2.0.tgz",
      "integrity": "sha512-e900nM8RRtGhlV36KGEU9k65K3mPb1WV70OdjfxlG2EAuM1noi/E/BaW/uMhL7bPEssK8QV57vN3esixjUvcXQ=="
    },
    "typescript": {
      "version": "2.9.2",
      "resolved": "https://registry.npmjs.org/typescript/-/typescript-2.9.2.tgz",
      "integrity": "sha512-Gr4p6nFNaoufRIY4NMdpQRNmgxVIGMs4Fcu/ujdYk3nAZqk7supzBE9idmvfZIlH/Cuj//dvi+019qEue9lV0w==",
      "dev": true
    },
    "warning": {
      "version": "3.0.0",
      "resolved": "https://registry.npmjs.org/warning/-/warning-3.0.0.tgz",
      "integrity": "sha1-MuU3fLVy3kqwR1O9+IIcAe1gW3w=",
      "requires": {
        "loose-envify": "^1.0.0"
      }
    }
  }
}
